{
  "lockfile_version": "1",
  "packages": {
    "cargo@latest": {
      "last_modified": "2025-07-28T17:09:23Z",
      "resolved": "github:NixOS/nixpkgs/648f70160c03151bc2121d179291337ad6bc564b#cargo",
      "source": "devbox-search",
      "version": "1.88.0",
      "systems": {
        "aarch64-darwin": {
          "outputs": [
            {
              "name": "out",
              "path": "/nix/store/3iyviwimri8mq0cqv4abg9mibkcyc1cy-cargo-1.88.0",
              "default": true
            }
          ],
          "store_path": "/nix/store/3iyviwimri8mq0cqv4abg9mibkcyc1cy-cargo-1.88.0"
        },
        "aarch64-linux": {
          "outputs": [
            {
              "name": "out",
              "path": "/nix/store/6w7lghpjhkd5pw9y0hnnmg5w341jswyd-cargo-1.88.0",
              "default": true
            }
          ],
          "store_path": "/nix/store/6w7lghpjhkd5pw9y0hnnmg5w341jswyd-cargo-1.88.0"
        },
        "x86_64-darwin": {
          "outputs": [
            {
              "name": "out",
              "path": "/nix/store/8kwb2jmbf9xjhr18nw8sa66c0kivsqc4-cargo-1.88.0",
              "default": true
            }
          ],
          "store_path": "/nix/store/8kwb2jmbf9xjhr18nw8sa66c0kivsqc4-cargo-1.88.0"
        },
        "x86_64-linux": {
          "outputs": [
            {
              "name": "out",
              "path": "/nix/store/kg6psfcz4vjcvv8bpyvw422vrndrcq50-cargo-1.88.0",
              "default": true
            }
          ],
          "store_path": "/nix/store/kg6psfcz4vjcvv8bpyvw422vrndrcq50-cargo-1.88.0"
        }
      }
    },
    "github:NixOS/nixpkgs/nixpkgs-unstable": {
      "last_modified": "2025-08-28T11:50:14Z",
      "resolved": "github:NixOS/nixpkgs/aca2499b79170038df0dbaec8bf2f689b506ad32?lastModified=1756381814&narHash=sha256-tzo7YvAsGlzo4WiIHT0ooR59VHu%2BaKRQdHk7sIyoia4%3D"
    },
    "openssl.dev": {
      "resolved": "github:NixOS/nixpkgs/aca2499b79170038df0dbaec8bf2f689b506ad32?narHash=sha256-tzo7YvAsGlzo4WiIHT0ooR59VHu%2BaKRQdHk7sIyoia4%3D#openssl.dev",
      "source": "nixpkg"
    },
    "openssl@latest": {
      "last_modified": "2025-08-12T09:17:37Z",
      "resolved": "github:NixOS/nixpkgs/372d9eeeafa5b15913201e2b92e8e539ac7c64d1#openssl",
      "source": "devbox-search",
      "version": "3.5.1",
      "systems": {
        "aarch64-darwin": {
          "outputs": [
            {
              "name": "bin",
              "path": "/nix/store/izq1292gji1xs6m3x68b8qx7zqan05f8-openssl-3.5.1-bin",
              "default": true
            },
            {
              "name": "man",
              "path": "/nix/store/0l182727myjmvfzsy8gx6inh3x504il3-openssl-3.5.1-man",
              "default": true
            },
            {
              "name": "dev",
              "path": "/nix/store/ng9za9qmgb7bvyjamx0c3y647d9aprmp-openssl-3.5.1-dev"
            },
            {
              "name": "doc",
              "path": "/nix/store/ggbmkvwiw1s919lyqqk75xks4v2cdbiw-openssl-3.5.1-doc"
            },
            {
              "name": "out",
              "path": "/nix/store/v7ip9q2908xcmq4i9wray4w1g81qb3sc-openssl-3.5.1"
            }
          ],
          "store_path": "/nix/store/izq1292gji1xs6m3x68b8qx7zqan05f8-openssl-3.5.1-bin"
        },
        "aarch64-linux": {
          "outputs": [
            {
              "name": "bin",
              "path": "/nix/store/xzmj7xk823r8lmjy6sjsg2g4blxybfi3-openssl-3.5.1-bin",
              "default": true
            },
            {
              "name": "man",
              "path": "/nix/store/vr911qc1hr53s8m6ylymp4cvhwqi45mv-openssl-3.5.1-man",
              "default": true
            },
            {
              "name": "dev",
              "path": "/nix/store/1p4cdalnyisvhlkl8w73q4qnns06ydvj-openssl-3.5.1-dev"
            },
            {
              "name": "doc",
              "path": "/nix/store/xq02qv12hlmhpz1109h7bp165i0a716r-openssl-3.5.1-doc"
            },
            {
              "name": "out",
              "path": "/nix/store/mcjp51nvbchqx54r6vhm718vjrdjb2a2-openssl-3.5.1"
            },
            {
              "name": "debug",
              "path": "/nix/store/vwnqrwx87w232ch5dlihngsc35sf048r-openssl-3.5.1-debug"
            }
          ],
          "store_path": "/nix/store/xzmj7xk823r8lmjy6sjsg2g4blxybfi3-openssl-3.5.1-bin"
        },
        "x86_64-darwin": {
          "outputs": [
            {
              "name": "bin",
              "path": "/nix/store/2h8gv6njdcsiq3z2raqjk3g0wz0kzzlw-openssl-3.5.1-bin",
              "default": true
            },
            {
              "name": "man",
              "path": "/nix/store/4zgwnvcfz96amr18cqprlnma8hw1hjl9-openssl-3.5.1-man",
              "default": true
            },
            {
              "name": "dev",
              "path": "/nix/store/hniscv0s0f4kjbl2shclml5q4ag5pymd-openssl-3.5.1-dev"
            },
            {
              "name": "doc",
              "path": "/nix/store/b7r9rf7m7n3096jifgqv7gaddx42v7p9-openssl-3.5.1-doc"
            },
            {
              "name": "out",
              "path": "/nix/store/9pcqqs75c8lbimwzndvklpxjkjl2f009-openssl-3.5.1"
            }
          ],
          "store_path": "/nix/store/2h8gv6njdcsiq3z2raqjk3g0wz0kzzlw-openssl-3.5.1-bin"
        },
        "x86_64-linux": {
          "outputs": [
            {
              "name": "bin",
              "path": "/nix/store/vwggl55yh9lba643r5avc78n7cmmbi2a-openssl-3.5.1-bin",
              "default": true
            },
            {
              "name": "man",
              "path": "/nix/store/57mz84gznx0ljg972m5ws4kcg3s1wdss-openssl-3.5.1-man",
              "default": true
            },
            {
              "name": "debug",
              "path": "/nix/store/3kmhc9kdw1niw1hn7xfnixhm7irgws2r-openssl-3.5.1-debug"
            },
            {
              "name": "dev",
              "path": "/nix/store/b97gjl5zygaf6vzxsa1lf7jih8q4xi00-openssl-3.5.1-dev"
            },
            {
              "name": "doc",
              "path": "/nix/store/a9m4vmx5ch8jq4xdmf8sy2bn1qxl2s8j-openssl-3.5.1-doc"
            },
            {
              "name": "out",
              "path": "/nix/store/lyl9yxxz8a3mlaxvm0jln6mglpbf2fha-openssl-3.5.1"
            }
          ],
          "store_path": "/nix/store/vwggl55yh9lba643r5avc78n7cmmbi2a-openssl-3.5.1-bin"
        }
      }
    },
    "pkg-config@latest": {
      "last_modified": "2025-07-28T17:09:23Z",
      "resolved": "github:NixOS/nixpkgs/648f70160c03151bc2121d179291337ad6bc564b#pkg-config",
      "source": "devbox-search",
      "version": "0.29.2",
      "systems": {
        "aarch64-darwin": {
          "outputs": [
            {
              "name": "out",
              "path": "/nix/store/wj9343rwp0vx0cy4dpl89gavk4pdja55-pkg-config-wrapper-0.29.2",
              "default": true
            },
            {
              "name": "man",
              "path": "/nix/store/a30b0ccp4b58mhc48afy9a02k45b2f9n-pkg-config-wrapper-0.29.2-man",
              "default": true
            },
            {
              "name": "doc",
              "path": "/nix/store/xdfqjgw4azgb9bsn53dhrqwid9h15d31-pkg-config-wrapper-0.29.2-doc"
            }
          ],
          "store_path": "/nix/store/wj9343rwp0vx0cy4dpl89gavk4pdja55-pkg-config-wrapper-0.29.2"
        },
        "aarch64-linux": {
          "outputs": [
            {
              "name": "out",
              "path": "/nix/store/vn90s8p77jf7iwaq1m81lqha8cs2wpk5-pkg-config-wrapper-0.29.2",
              "default": true
            },
            {
              "name": "man",
              "path": "/nix/store/vxxpa12ajsdk4r2gk01548r0ygw2n01x-pkg-config-wrapper-0.29.2-man",
              "default": true
            },
            {
              "name": "doc",
              "path": "/nix/store/h1x5m04ays3fg1xacspi43q7ia52lbkx-pkg-config-wrapper-0.29.2-doc"
            }
          ],
          "store_path": "/nix/store/vn90s8p77jf7iwaq1m81lqha8cs2wpk5-pkg-config-wrapper-0.29.2"
        },
        "x86_64-darwin": {
          "outputs": [
            {
              "name": "out",
              "path": "/nix/store/37gxv08h7bn7y58ziw5ni3bqzwfr04a1-pkg-config-wrapper-0.29.2",
              "default": true
            },
            {
              "name": "man",
              "path": "/nix/store/128yhvs3sg0bxhsxl0rgbczjgp10kdrq-pkg-config-wrapper-0.29.2-man",
              "default": true
            },
            {
              "name": "doc",
              "path": "/nix/store/n8h1bww0jlna6ycxvfig97fh6gjs83wv-pkg-config-wrapper-0.29.2-doc"
            }
          ],
          "store_path": "/nix/store/37gxv08h7bn7y58ziw5ni3bqzwfr04a1-pkg-config-wrapper-0.29.2"
        },
        "x86_64-linux": {
          "outputs": [
            {
              "name": "out",
              "path": "/nix/store/7vrzhnby95407cbbahn3fj3y98qifgby-pkg-config-wrapper-0.29.2",
              "default": true
            },
            {
              "name": "man",
              "path": "/nix/store/l23dn1jdzr58srzbcv2a0my0ilxx713z-pkg-config-wrapper-0.29.2-man",
              "default": true
            },
            {
              "name": "doc",
              "path": "/nix/store/kyppfi30wm5sfhnkwz1pr5nnlqpis2wa-pkg-config-wrapper-0.29.2-doc"
            }
          ],
          "store_path": "/nix/store/7vrzhnby95407cbbahn3fj3y98qifgby-pkg-config-wrapper-0.29.2"
        }
      }
    },
    "rust-analyzer@2025-08-04": {
      "last_modified": "2025-08-09T03:53:37Z",
      "resolved": "github:NixOS/nixpkgs/00b574b1ba8a352f0601c4dde4faff4b534ebb1e#rust-analyzer",
      "source": "devbox-search",
      "version": "2025-08-04",
      "systems": {
        "aarch64-darwin": {
          "outputs": [
            {
              "name": "out",
              "path": "/nix/store/mzw9rxgig111cnz74ib85n5l5gw76hdr-rust-analyzer-2025-08-04",
              "default": true
            }
          ],
          "store_path": "/nix/store/mzw9rxgig111cnz74ib85n5l5gw76hdr-rust-analyzer-2025-08-04"
        },
        "aarch64-linux": {
          "outputs": [
            {
              "name": "out",
              "path": "/nix/store/3g3rghr6xya07irbq2rf1yc5ha07yjib-rust-analyzer-2025-08-04",
              "default": true
            }
          ],
          "store_path": "/nix/store/3g3rghr6xya07irbq2rf1yc5ha07yjib-rust-analyzer-2025-08-04"
        },
        "x86_64-darwin": {
          "outputs": [
            {
              "name": "out",
              "path": "/nix/store/pa2n4hb0mrcshg2hynh1va2h2jgsbsg5-rust-analyzer-2025-08-04",
              "default": true
            }
          ],
          "store_path": "/nix/store/pa2n4hb0mrcshg2hynh1va2h2jgsbsg5-rust-analyzer-2025-08-04"
        },
        "x86_64-linux": {
          "outputs": [
            {
              "name": "out",
              "path": "/nix/store/yp14cm60hg9m95b9cdb7y5fyi79wssxx-rust-analyzer-2025-08-04",
              "default": true
            }
          ],
          "store_path": "/nix/store/yp14cm60hg9m95b9cdb7y5fyi79wssxx-rust-analyzer-2025-08-04"
        }
      }
    },
    "rustc@latest": {
      "last_modified": "2025-07-28T17:09:23Z",
      "plugin_version": "0.0.1",
      "resolved": "github:NixOS/nixpkgs/648f70160c03151bc2121d179291337ad6bc564b#rustc",
      "source": "devbox-search",
      "version": "1.88.0",
      "systems": {
        "aarch64-darwin": {
          "outputs": [
            {
              "name": "out",
              "path": "/nix/store/3skm2cmdy8g31xbqz169lzsb7x9dvrk6-rustc-wrapper-1.88.0",
              "default": true
            },
            {
              "name": "man",
              "path": "/nix/store/zjq6arkcmxgl6ghjrwg57ay2m0qsjcbj-rustc-wrapper-1.88.0-man",
              "default": true
            },
            {
              "name": "doc",
              "path": "/nix/store/43jx4b5a1vzns6rlrm869zqzdkn2kfsz-rustc-wrapper-1.88.0-doc"
            }
          ],
          "store_path": "/nix/store/3skm2cmdy8g31xbqz169lzsb7x9dvrk6-rustc-wrapper-1.88.0"
        },
        "aarch64-linux": {
          "outputs": [
            {
              "name": "out",
              "path": "/nix/store/3w2lyncwvbic72pjch38830c6090fmpq-rustc-wrapper-1.88.0",
              "default": true
            },
            {
              "name": "man",
              "path": "/nix/store/39wlbfwhafzqqz4ivj126sxphfzsgd3s-rustc-wrapper-1.88.0-man",
              "default": true
            },
            {
              "name": "doc",
              "path": "/nix/store/a8m2n4byzxff2738rgynhk4m7m4z7lmh-rustc-wrapper-1.88.0-doc"
            }
          ],
          "store_path": "/nix/store/3w2lyncwvbic72pjch38830c6090fmpq-rustc-wrapper-1.88.0"
        },
        "x86_64-darwin": {
          "outputs": [
            {
              "name": "out",
              "path": "/nix/store/m0kv84sl58xd11fms81yl7ks5a6203zr-rustc-wrapper-1.88.0",
              "default": true
            },
            {
              "name": "man",
              "path": "/nix/store/g3sc5lw4c2f7gpxzdhrd5wjr0ddv0cig-rustc-wrapper-1.88.0-man",
              "default": true
            },
            {
              "name": "doc",
              "path": "/nix/store/bilr4glals1gdaa4fvqdd43sm233z1v7-rustc-wrapper-1.88.0-doc"
            }
          ],
          "store_path": "/nix/store/m0kv84sl58xd11fms81yl7ks5a6203zr-rustc-wrapper-1.88.0"
        },
        "x86_64-linux": {
          "outputs": [
            {
              "name": "out",
              "path": "/nix/store/i19xh91f80g01v4ad3x363g4538z2qx9-rustc-wrapper-1.88.0",
              "default": true
            },
            {
              "name": "man",
              "path": "/nix/store/y9vhsm8q6s0p6by0wy27j2fv2w7nb3r6-rustc-wrapper-1.88.0-man",
              "default": true
            },
            {
              "name": "doc",
              "path": "/nix/store/3hjn39rypqbfavrw0mc1whgz186isysr-rustc-wrapper-1.88.0-doc"
            }
          ],
          "store_path": "/nix/store/i19xh91f80g01v4ad3x363g4538z2qx9-rustc-wrapper-1.88.0"
        }
      }
    }
  }
}
